
Microsoft Visual Studio Solution File, Format Version 12.00
# Visual Studio Version 17
VisualStudioVersion = 17.14.36705.20 d17.14
MinimumVisualStudioVersion = 10.0.40219.1
Project("{FAE04EC0-301F-11D3-BF4B-00C04F79EFBC}") = "Infusive-back", "Infusive-back.csproj", "{72B7B206-9FB0-A281-F74C-905AD838D69C}"
EndProject
Global
	GlobalSection(SolutionConfigurationPlatforms) = preSolution
		Debug|Any CPU = Debug|Any CPU
		Release|Any CPU = Release|Any CPU
	EndGlobalSection
	GlobalSection(ProjectConfigurationPlatforms) = postSolution
		{72B7B206-9FB0-A281-F74C-905AD838D69C}.Debug|Any CPU.ActiveCfg = Debug|Any CPU
		{72B7B206-9FB0-A281-F74C-905AD838D69C}.Debug|Any CPU.Build.0 = Debug|Any CPU
		{72B7B206-9FB0-A281-F74C-905AD838D69C}.Release|Any CPU.ActiveCfg = Release|Any CPU
		{72B7B206-9FB0-A281-F74C-905AD838D69C}.Release|Any CPU.Build.0 = Release|Any CPU
	EndGlobalSection
	GlobalSection(SolutionProperties) = preSolution
		HideSolutionNode = FALSE
	EndGlobalSection
	GlobalSection(ExtensibilityGlobals) = postSolution
		SolutionGuid = {3224DCE5-02D6-4AC5-8094-3327C0F05FC7}
	EndGlobalSection
EndGlobal
